// !$*UTF8*$!
{
	archiveVersion = 1;
	classes = {
	};
	objectVersion = 46;
	objects = {

/* Begin PBXBuildFile section */
		55AE6854BF4B1154F05FE50E /* Pods_CookingApp.framework in Frameworks */ = {isa = PBXBuildFile; fileRef = B3A6FA7F919ACCCC88692856 /* Pods_CookingApp.framework */; };
		D11235561E64B3A000060628 /* AddRecipePageControlViewController.swift in Sources */ = {isa = PBXBuildFile; fileRef = D11235551E64B3A000060628 /* AddRecipePageControlViewController.swift */; };
		D11235581E64E40700060628 /* AddIngriedientViewController.swift in Sources */ = {isa = PBXBuildFile; fileRef = D11235571E64E40700060628 /* AddIngriedientViewController.swift */; };
		D11A38AD1E65EF7900CFB3E9 /* GeneralInformationViewController.swift in Sources */ = {isa = PBXBuildFile; fileRef = D11A38AC1E65EF7900CFB3E9 /* GeneralInformationViewController.swift */; };
		D11A38AF1E66063F00CFB3E9 /* Ingredient.swift in Sources */ = {isa = PBXBuildFile; fileRef = D11A38AE1E66063F00CFB3E9 /* Ingredient.swift */; };
		D11A38B11E66094E00CFB3E9 /* IngredientTableViewCell.swift in Sources */ = {isa = PBXBuildFile; fileRef = D11A38B01E66094E00CFB3E9 /* IngredientTableViewCell.swift */; };
		D11A38B81E66101700CFB3E9 /* IngredientViewController.swift in Sources */ = {isa = PBXBuildFile; fileRef = D11A38B71E66101700CFB3E9 /* IngredientViewController.swift */; };
		D11A38BB1E66399C00CFB3E9 /* InstructionTableViewController.swift in Sources */ = {isa = PBXBuildFile; fileRef = D11A38BA1E66399C00CFB3E9 /* InstructionTableViewController.swift */; };
		D1202B041E663E060014C908 /* Instruction.swift in Sources */ = {isa = PBXBuildFile; fileRef = D1202B031E663E060014C908 /* Instruction.swift */; };
		D1202B061E663E6A0014C908 /* InstructionTableViewCell.swift in Sources */ = {isa = PBXBuildFile; fileRef = D1202B051E663E6A0014C908 /* InstructionTableViewCell.swift */; };
		D1202B081E6642ED0014C908 /* InstructionViewController.swift in Sources */ = {isa = PBXBuildFile; fileRef = D1202B071E6642ED0014C908 /* InstructionViewController.swift */; };
		D1202B0A1E66E89E0014C908 /* lightBlueBackground.jpg in Resources */ = {isa = PBXBuildFile; fileRef = D1202B091E66E89E0014C908 /* lightBlueBackground.jpg */; };
		D1202B0C1E66E97A0014C908 /* lightGrey.jpg in Resources */ = {isa = PBXBuildFile; fileRef = D1202B0B1E66E97A0014C908 /* lightGrey.jpg */; };
		D187F9791E673D3100829C07 /* AddRecipePageViewController.swift in Sources */ = {isa = PBXBuildFile; fileRef = D187F9771E673D3100829C07 /* AddRecipePageViewController.swift */; };
		D187F97E1E673E1B00829C07 /* 002-stew.png in Resources */ = {isa = PBXBuildFile; fileRef = D187F97B1E673E1B00829C07 /* 002-stew.png */; };
		D187F97F1E673E1B00829C07 /* 003-oat.png in Resources */ = {isa = PBXBuildFile; fileRef = D187F97C1E673E1B00829C07 /* 003-oat.png */; };
		D187F9811E673F8900829C07 /* 002-cookbook.png in Resources */ = {isa = PBXBuildFile; fileRef = D187F9801E673F8900829C07 /* 002-cookbook.png */; };
		D187F9841E673FA900829C07 /* 001-chef.png in Resources */ = {isa = PBXBuildFile; fileRef = D187F9821E673FA900829C07 /* 001-chef.png */; };
		D187F9851E673FA900829C07 /* 003-harvest.png in Resources */ = {isa = PBXBuildFile; fileRef = D187F9831E673FA900829C07 /* 003-harvest.png */; };
		D187F9891E67414400829C07 /* 001-recipes.png in Resources */ = {isa = PBXBuildFile; fileRef = D187F9871E67414400829C07 /* 001-recipes.png */; };
		D187F98A1E67414400829C07 /* 002-mitten.png in Resources */ = {isa = PBXBuildFile; fileRef = D187F9881E67414400829C07 /* 002-mitten.png */; };
		D187F98E1E67613700829C07 /* NewListViewController.swift in Sources */ = {isa = PBXBuildFile; fileRef = D187F98D1E67613700829C07 /* NewListViewController.swift */; };
		D187F9931E685F1700829C07 /* AddRecipeToListViewController.swift in Sources */ = {isa = PBXBuildFile; fileRef = D187F9921E685F1700829C07 /* AddRecipeToListViewController.swift */; };
		D187F9951E686C8700829C07 /* RecipeListsViewController.swift in Sources */ = {isa = PBXBuildFile; fileRef = D187F9941E686C8700829C07 /* RecipeListsViewController.swift */; };
		D19D5A1F1E68C60C00A6343C /* menu-button.png in Resources */ = {isa = PBXBuildFile; fileRef = D19D5A1E1E68C60C00A6343C /* menu-button.png */; };
		D19D5A211E68E76300A6343C /* RecipeListsMenuTableViewController.swift in Sources */ = {isa = PBXBuildFile; fileRef = D19D5A201E68E76300A6343C /* RecipeListsMenuTableViewController.swift */; };
		D19D5A231E68EB0000A6343C /* RecipeListsTableViewCell.swift in Sources */ = {isa = PBXBuildFile; fileRef = D19D5A221E68EB0000A6343C /* RecipeListsTableViewCell.swift */; };
		D19D5A251E68F52700A6343C /* darkGrey.png in Resources */ = {isa = PBXBuildFile; fileRef = D19D5A241E68F52700A6343C /* darkGrey.png */; };
		D1DA87191E697BE00021D859 /* MenuTransitionManager.swift in Sources */ = {isa = PBXBuildFile; fileRef = D1DA87181E697BE00021D859 /* MenuTransitionManager.swift */; };
		D1DA871D1E69A9510021D859 /* MainMenuTableViewController.swift in Sources */ = {isa = PBXBuildFile; fileRef = D1DA871C1E69A9510021D859 /* MainMenuTableViewController.swift */; };
		D1DA871F1E69B2420021D859 /* MainMenuController.swift in Sources */ = {isa = PBXBuildFile; fileRef = D1DA871E1E69B2420021D859 /* MainMenuController.swift */; };
		D1DA873B1E6AD86D0021D859 /* Icon-App-20x20@1x.png in Resources */ = {isa = PBXBuildFile; fileRef = D1DA87251E6AD86D0021D859 /* Icon-App-20x20@1x.png */; };
		D1DA873C1E6AD86D0021D859 /* Icon-App-20x20@2x.png in Resources */ = {isa = PBXBuildFile; fileRef = D1DA87261E6AD86D0021D859 /* Icon-App-20x20@2x.png */; };
		D1DA873D1E6AD86D0021D859 /* Icon-App-20x20@3x.png in Resources */ = {isa = PBXBuildFile; fileRef = D1DA87271E6AD86D0021D859 /* Icon-App-20x20@3x.png */; };
		D1DA873E1E6AD86D0021D859 /* Icon-App-29x29@1x.png in Resources */ = {isa = PBXBuildFile; fileRef = D1DA87281E6AD86D0021D859 /* Icon-App-29x29@1x.png */; };
		D1DA873F1E6AD86D0021D859 /* Icon-App-29x29@2x.png in Resources */ = {isa = PBXBuildFile; fileRef = D1DA87291E6AD86D0021D859 /* Icon-App-29x29@2x.png */; };
		D1DA87401E6AD86D0021D859 /* Icon-App-29x29@3x.png in Resources */ = {isa = PBXBuildFile; fileRef = D1DA872A1E6AD86D0021D859 /* Icon-App-29x29@3x.png */; };
		D1DA87411E6AD86D0021D859 /* Icon-App-40x40@1x.png in Resources */ = {isa = PBXBuildFile; fileRef = D1DA872B1E6AD86D0021D859 /* Icon-App-40x40@1x.png */; };
		D1DA87421E6AD86D0021D859 /* Icon-App-40x40@2x.png in Resources */ = {isa = PBXBuildFile; fileRef = D1DA872C1E6AD86D0021D859 /* Icon-App-40x40@2x.png */; };
		D1DA87431E6AD86D0021D859 /* Icon-App-40x40@3x.png in Resources */ = {isa = PBXBuildFile; fileRef = D1DA872D1E6AD86D0021D859 /* Icon-App-40x40@3x.png */; };
		D1DA87441E6AD86D0021D859 /* Icon-App-57x57@1x.png in Resources */ = {isa = PBXBuildFile; fileRef = D1DA872E1E6AD86D0021D859 /* Icon-App-57x57@1x.png */; };
		D1DA87451E6AD86D0021D859 /* Icon-App-57x57@2x.png in Resources */ = {isa = PBXBuildFile; fileRef = D1DA872F1E6AD86D0021D859 /* Icon-App-57x57@2x.png */; };
		D1DA87461E6AD86D0021D859 /* Icon-App-60x60@1x.png in Resources */ = {isa = PBXBuildFile; fileRef = D1DA87301E6AD86D0021D859 /* Icon-App-60x60@1x.png */; };
		D1DA87471E6AD86D0021D859 /* Icon-App-60x60@2x.png in Resources */ = {isa = PBXBuildFile; fileRef = D1DA87311E6AD86D0021D859 /* Icon-App-60x60@2x.png */; };
		D1DA87481E6AD86D0021D859 /* Icon-App-60x60@3x.png in Resources */ = {isa = PBXBuildFile; fileRef = D1DA87321E6AD86D0021D859 /* Icon-App-60x60@3x.png */; };
		D1DA87491E6AD86D0021D859 /* Icon-App-72x72@1x.png in Resources */ = {isa = PBXBuildFile; fileRef = D1DA87331E6AD86D0021D859 /* Icon-App-72x72@1x.png */; };
		D1DA874A1E6AD86D0021D859 /* Icon-App-72x72@2x.png in Resources */ = {isa = PBXBuildFile; fileRef = D1DA87341E6AD86D0021D859 /* Icon-App-72x72@2x.png */; };
		D1DA874B1E6AD86D0021D859 /* Icon-App-76x76@1x.png in Resources */ = {isa = PBXBuildFile; fileRef = D1DA87351E6AD86D0021D859 /* Icon-App-76x76@1x.png */; };
		D1DA874C1E6AD86D0021D859 /* Icon-App-76x76@2x.png in Resources */ = {isa = PBXBuildFile; fileRef = D1DA87361E6AD86D0021D859 /* Icon-App-76x76@2x.png */; };
		D1DA874D1E6AD86D0021D859 /* Icon-App-76x76@3x.png in Resources */ = {isa = PBXBuildFile; fileRef = D1DA87371E6AD86D0021D859 /* Icon-App-76x76@3x.png */; };
		D1DA874E1E6AD86D0021D859 /* Icon-App-83.5x83.5@2x.png in Resources */ = {isa = PBXBuildFile; fileRef = D1DA87381E6AD86D0021D859 /* Icon-App-83.5x83.5@2x.png */; };
		D1DA874F1E6AD86D0021D859 /* Icon-Small-50x50@1x.png in Resources */ = {isa = PBXBuildFile; fileRef = D1DA87391E6AD86D0021D859 /* Icon-Small-50x50@1x.png */; };
		D1DA87501E6AD86D0021D859 /* Icon-Small-50x50@2x.png in Resources */ = {isa = PBXBuildFile; fileRef = D1DA873A1E6AD86D0021D859 /* Icon-Small-50x50@2x.png */; };
		D1DA875A1E6ADC8D0021D859 /* Default.png in Resources */ = {isa = PBXBuildFile; fileRef = D1DA87551E6ADC8D0021D859 /* Default.png */; };
		D1DA87661E6AE0260021D859 /* Default-568h@2x~iphone_640x1136.png in Resources */ = {isa = PBXBuildFile; fileRef = D1DA875D1E6AE0260021D859 /* Default-568h@2x~iphone_640x1136.png */; };
		D1DA87671E6AE0260021D859 /* Default-750@2x~iphone6-portrait_750x1334.png in Resources */ = {isa = PBXBuildFile; fileRef = D1DA875E1E6AE0260021D859 /* Default-750@2x~iphone6-portrait_750x1334.png */; };
		D1DA87681E6AE0260021D859 /* Default-1242@3x~iphone6s-portrait_1242x2208.png in Resources */ = {isa = PBXBuildFile; fileRef = D1DA875F1E6AE0260021D859 /* Default-1242@3x~iphone6s-portrait_1242x2208.png */; };
		D1DA87691E6AE0260021D859 /* Default-Portrait@2x~ipad_1536x2008.png in Resources */ = {isa = PBXBuildFile; fileRef = D1DA87601E6AE0260021D859 /* Default-Portrait@2x~ipad_1536x2008.png */; };
		D1DA876A1E6AE0260021D859 /* Default-Portrait@2x~ipad_1536x2048.png in Resources */ = {isa = PBXBuildFile; fileRef = D1DA87611E6AE0260021D859 /* Default-Portrait@2x~ipad_1536x2048.png */; };
		D1DA876B1E6AE0260021D859 /* Default-Portrait~ipad_768x1024.png in Resources */ = {isa = PBXBuildFile; fileRef = D1DA87621E6AE0260021D859 /* Default-Portrait~ipad_768x1024.png */; };
		D1DA876C1E6AE0260021D859 /* Default@2x~iphone_640x960.png in Resources */ = {isa = PBXBuildFile; fileRef = D1DA87631E6AE0260021D859 /* Default@2x~iphone_640x960.png */; };
		D1DA876D1E6AE0260021D859 /* Default~ipad.png in Resources */ = {isa = PBXBuildFile; fileRef = D1DA87641E6AE0260021D859 /* Default~ipad.png */; };
		D1DA876E1E6AE0260021D859 /* Default~iphone.png in Resources */ = {isa = PBXBuildFile; fileRef = D1DA87651E6AE0260021D859 /* Default~iphone.png */; };
		D1DA87761E6AE1330021D859 /* Default-750@2x~iphone6-landscape_1334x750.png in Resources */ = {isa = PBXBuildFile; fileRef = D1DA87701E6AE1330021D859 /* Default-750@2x~iphone6-landscape_1334x750.png */; };
		D1DA87771E6AE1330021D859 /* Default-1242@3x~iphone6s-landscape_2208x1242.png in Resources */ = {isa = PBXBuildFile; fileRef = D1DA87711E6AE1330021D859 /* Default-1242@3x~iphone6s-landscape_2208x1242.png */; };
		D1DA87781E6AE1330021D859 /* Default-Landscape@2x~ipad_2048x1496.png in Resources */ = {isa = PBXBuildFile; fileRef = D1DA87721E6AE1330021D859 /* Default-Landscape@2x~ipad_2048x1496.png */; };
		D1DA87791E6AE1330021D859 /* Default-Landscape@2x~ipad_2048x1536.png in Resources */ = {isa = PBXBuildFile; fileRef = D1DA87731E6AE1330021D859 /* Default-Landscape@2x~ipad_2048x1536.png */; };
		D1DA877A1E6AE1330021D859 /* Default-Landscape~ipad_1024x748.png in Resources */ = {isa = PBXBuildFile; fileRef = D1DA87741E6AE1330021D859 /* Default-Landscape~ipad_1024x748.png */; };
		D1DA877B1E6AE1330021D859 /* Default-Landscape~ipad_1024x768.png in Resources */ = {isa = PBXBuildFile; fileRef = D1DA87751E6AE1330021D859 /* Default-Landscape~ipad_1024x768.png */; };
		DC0EE68A1E4CEA3A00DFC484 /* AppDelegate.swift in Sources */ = {isa = PBXBuildFile; fileRef = DC0EE6891E4CEA3A00DFC484 /* AppDelegate.swift */; };
		DC0EE68F1E4CEA3A00DFC484 /* Main.storyboard in Resources */ = {isa = PBXBuildFile; fileRef = DC0EE68D1E4CEA3A00DFC484 /* Main.storyboard */; };
		DC0EE6921E4CEA3A00DFC484 /* CookingApp.xcdatamodeld in Sources */ = {isa = PBXBuildFile; fileRef = DC0EE6901E4CEA3A00DFC484 /* CookingApp.xcdatamodeld */; };
		DC0EE6941E4CEA3A00DFC484 /* Assets.xcassets in Resources */ = {isa = PBXBuildFile; fileRef = DC0EE6931E4CEA3A00DFC484 /* Assets.xcassets */; };
		DC0EE6971E4CEA3A00DFC484 /* LaunchScreen.storyboard in Resources */ = {isa = PBXBuildFile; fileRef = DC0EE6951E4CEA3A00DFC484 /* LaunchScreen.storyboard */; };
		DC0EE6A21E4CEA3A00DFC484 /* CookingAppTests.swift in Sources */ = {isa = PBXBuildFile; fileRef = DC0EE6A11E4CEA3A00DFC484 /* CookingAppTests.swift */; };
		DC0EE6AD1E4CEA3A00DFC484 /* CookingAppUITests.swift in Sources */ = {isa = PBXBuildFile; fileRef = DC0EE6AC1E4CEA3A00DFC484 /* CookingAppUITests.swift */; };
		DC0EE6BB1E4CFA0200DFC484 /* CoreDataManager.swift in Sources */ = {isa = PBXBuildFile; fileRef = DC0EE6BA1E4CFA0200DFC484 /* CoreDataManager.swift */; };
		DC0EE6BF1E4D20FE00DFC484 /* cheesecake.jpg in Resources */ = {isa = PBXBuildFile; fileRef = DC0EE6BE1E4D20FE00DFC484 /* cheesecake.jpg */; };
		DC55CDE31E6231E900FB003A /* ListDetailsViewController.swift in Sources */ = {isa = PBXBuildFile; fileRef = DC55CDE21E6231E900FB003A /* ListDetailsViewController.swift */; };
		DC712E201E4F7236004CC12A /* CustomRecipeCell.swift in Sources */ = {isa = PBXBuildFile; fileRef = DC712E1F1E4F7236004CC12A /* CustomRecipeCell.swift */; };
		DC9769941E643B0400639BB0 /* CustomRecipeCell.xib in Resources */ = {isa = PBXBuildFile; fileRef = DC9769931E643B0400639BB0 /* CustomRecipeCell.xib */; };
		DC9769E31E65BFC300639BB0 /* ActionSheetPicker_3_0.framework in Frameworks */ = {isa = PBXBuildFile; fileRef = DC9769E21E65BFC300639BB0 /* ActionSheetPicker_3_0.framework */; };
		DC98C0E31E6360B600AD6547 /* EntityManager.swift in Sources */ = {isa = PBXBuildFile; fileRef = DC98C0E21E6360B600AD6547 /* EntityManager.swift */; };
		DCB643D81E68C4C0009CC297 /* AllRecipesViewController.swift in Sources */ = {isa = PBXBuildFile; fileRef = DCB643D71E68C4C0009CC297 /* AllRecipesViewController.swift */; };
		DCD1FF9D1E6761E50093496B /* FetchManager.swift in Sources */ = {isa = PBXBuildFile; fileRef = DCD1FF9C1E6761E50093496B /* FetchManager.swift */; };
		DCD1FF9F1E6761FC0093496B /* APIManager.swift in Sources */ = {isa = PBXBuildFile; fileRef = DCD1FF9E1E6761FC0093496B /* APIManager.swift */; };
		DCD1FFA11E6762620093496B /* RecipeObject.swift in Sources */ = {isa = PBXBuildFile; fileRef = DCD1FFA01E6762620093496B /* RecipeObject.swift */; };
/* End PBXBuildFile section */

/* Begin PBXContainerItemProxy section */
		DC0EE69E1E4CEA3A00DFC484 /* PBXContainerItemProxy */ = {
			isa = PBXContainerItemProxy;
			containerPortal = DC0EE67E1E4CEA3900DFC484 /* Project object */;
			proxyType = 1;
			remoteGlobalIDString = DC0EE6851E4CEA3900DFC484;
			remoteInfo = CookingApp;
		};
		DC0EE6A91E4CEA3A00DFC484 /* PBXContainerItemProxy */ = {
			isa = PBXContainerItemProxy;
			containerPortal = DC0EE67E1E4CEA3900DFC484 /* Project object */;
			proxyType = 1;
			remoteGlobalIDString = DC0EE6851E4CEA3900DFC484;
			remoteInfo = CookingApp;
		};
/* End PBXContainerItemProxy section */

/* Begin PBXFileReference section */
		0AB1D42C54D2336E3665C971 /* Pods-CookingApp.release.xcconfig */ = {isa = PBXFileReference; includeInIndex = 1; lastKnownFileType = text.xcconfig; name = "Pods-CookingApp.release.xcconfig"; path = "Pods/Target Support Files/Pods-CookingApp/Pods-CookingApp.release.xcconfig"; sourceTree = "<group>"; };
		3959F85BD124D77DAB8EE737 /* Pods-CookingApp.debug.xcconfig */ = {isa = PBXFileReference; includeInIndex = 1; lastKnownFileType = text.xcconfig; name = "Pods-CookingApp.debug.xcconfig"; path = "Pods/Target Support Files/Pods-CookingApp/Pods-CookingApp.debug.xcconfig"; sourceTree = "<group>"; };
		B3A6FA7F919ACCCC88692856 /* Pods_CookingApp.framework */ = {isa = PBXFileReference; explicitFileType = wrapper.framework; includeInIndex = 0; path = Pods_CookingApp.framework; sourceTree = BUILT_PRODUCTS_DIR; };
		D11235551E64B3A000060628 /* AddRecipePageControlViewController.swift */ = {isa = PBXFileReference; fileEncoding = 4; lastKnownFileType = sourcecode.swift; path = AddRecipePageControlViewController.swift; sourceTree = "<group>"; };
		D11235571E64E40700060628 /* AddIngriedientViewController.swift */ = {isa = PBXFileReference; fileEncoding = 4; lastKnownFileType = sourcecode.swift; path = AddIngriedientViewController.swift; sourceTree = "<group>"; };
		D11A38AC1E65EF7900CFB3E9 /* GeneralInformationViewController.swift */ = {isa = PBXFileReference; fileEncoding = 4; lastKnownFileType = sourcecode.swift; path = GeneralInformationViewController.swift; sourceTree = "<group>"; };
		D11A38AE1E66063F00CFB3E9 /* Ingredient.swift */ = {isa = PBXFileReference; fileEncoding = 4; lastKnownFileType = sourcecode.swift; path = Ingredient.swift; sourceTree = "<group>"; };
		D11A38B01E66094E00CFB3E9 /* IngredientTableViewCell.swift */ = {isa = PBXFileReference; fileEncoding = 4; lastKnownFileType = sourcecode.swift; name = IngredientTableViewCell.swift; path = Assets.xcassets/IngredientTableViewCell.swift; sourceTree = "<group>"; };
		D11A38B71E66101700CFB3E9 /* IngredientViewController.swift */ = {isa = PBXFileReference; fileEncoding = 4; lastKnownFileType = sourcecode.swift; path = IngredientViewController.swift; sourceTree = "<group>"; };
		D11A38BA1E66399C00CFB3E9 /* InstructionTableViewController.swift */ = {isa = PBXFileReference; fileEncoding = 4; lastKnownFileType = sourcecode.swift; path = InstructionTableViewController.swift; sourceTree = "<group>"; };
		D1202B031E663E060014C908 /* Instruction.swift */ = {isa = PBXFileReference; fileEncoding = 4; lastKnownFileType = sourcecode.swift; path = Instruction.swift; sourceTree = "<group>"; };
		D1202B051E663E6A0014C908 /* InstructionTableViewCell.swift */ = {isa = PBXFileReference; fileEncoding = 4; lastKnownFileType = sourcecode.swift; path = InstructionTableViewCell.swift; sourceTree = "<group>"; };
		D1202B071E6642ED0014C908 /* InstructionViewController.swift */ = {isa = PBXFileReference; fileEncoding = 4; lastKnownFileType = sourcecode.swift; path = InstructionViewController.swift; sourceTree = "<group>"; };
		D1202B091E66E89E0014C908 /* lightBlueBackground.jpg */ = {isa = PBXFileReference; lastKnownFileType = image.jpeg; path = lightBlueBackground.jpg; sourceTree = "<group>"; };
		D1202B0B1E66E97A0014C908 /* lightGrey.jpg */ = {isa = PBXFileReference; lastKnownFileType = image.jpeg; path = lightGrey.jpg; sourceTree = "<group>"; };
		D187F9771E673D3100829C07 /* AddRecipePageViewController.swift */ = {isa = PBXFileReference; fileEncoding = 4; lastKnownFileType = sourcecode.swift; path = AddRecipePageViewController.swift; sourceTree = "<group>"; };
		D187F97B1E673E1B00829C07 /* 002-stew.png */ = {isa = PBXFileReference; lastKnownFileType = image.png; path = "002-stew.png"; sourceTree = "<group>"; };
		D187F97C1E673E1B00829C07 /* 003-oat.png */ = {isa = PBXFileReference; lastKnownFileType = image.png; path = "003-oat.png"; sourceTree = "<group>"; };
		D187F9801E673F8900829C07 /* 002-cookbook.png */ = {isa = PBXFileReference; lastKnownFileType = image.png; path = "002-cookbook.png"; sourceTree = "<group>"; };
		D187F9821E673FA900829C07 /* 001-chef.png */ = {isa = PBXFileReference; lastKnownFileType = image.png; path = "001-chef.png"; sourceTree = "<group>"; };
		D187F9831E673FA900829C07 /* 003-harvest.png */ = {isa = PBXFileReference; lastKnownFileType = image.png; path = "003-harvest.png"; sourceTree = "<group>"; };
		D187F9871E67414400829C07 /* 001-recipes.png */ = {isa = PBXFileReference; lastKnownFileType = image.png; path = "001-recipes.png"; sourceTree = "<group>"; };
		D187F9881E67414400829C07 /* 002-mitten.png */ = {isa = PBXFileReference; lastKnownFileType = image.png; path = "002-mitten.png"; sourceTree = "<group>"; };
		D187F98D1E67613700829C07 /* NewListViewController.swift */ = {isa = PBXFileReference; fileEncoding = 4; lastKnownFileType = sourcecode.swift; path = NewListViewController.swift; sourceTree = "<group>"; };
		D187F9921E685F1700829C07 /* AddRecipeToListViewController.swift */ = {isa = PBXFileReference; fileEncoding = 4; lastKnownFileType = sourcecode.swift; path = AddRecipeToListViewController.swift; sourceTree = "<group>"; };
		D187F9941E686C8700829C07 /* RecipeListsViewController.swift */ = {isa = PBXFileReference; fileEncoding = 4; lastKnownFileType = sourcecode.swift; path = RecipeListsViewController.swift; sourceTree = "<group>"; };
		D19D5A1E1E68C60C00A6343C /* menu-button.png */ = {isa = PBXFileReference; lastKnownFileType = image.png; path = "menu-button.png"; sourceTree = "<group>"; };
		D19D5A201E68E76300A6343C /* RecipeListsMenuTableViewController.swift */ = {isa = PBXFileReference; fileEncoding = 4; lastKnownFileType = sourcecode.swift; path = RecipeListsMenuTableViewController.swift; sourceTree = "<group>"; };
		D19D5A221E68EB0000A6343C /* RecipeListsTableViewCell.swift */ = {isa = PBXFileReference; fileEncoding = 4; lastKnownFileType = sourcecode.swift; path = RecipeListsTableViewCell.swift; sourceTree = "<group>"; };
		D19D5A241E68F52700A6343C /* darkGrey.png */ = {isa = PBXFileReference; lastKnownFileType = image.png; path = darkGrey.png; sourceTree = "<group>"; };
		D1DA87181E697BE00021D859 /* MenuTransitionManager.swift */ = {isa = PBXFileReference; fileEncoding = 4; lastKnownFileType = sourcecode.swift; name = MenuTransitionManager.swift; path = Assets.xcassets/MenuTransitionManager.swift; sourceTree = "<group>"; };
		D1DA871C1E69A9510021D859 /* MainMenuTableViewController.swift */ = {isa = PBXFileReference; fileEncoding = 4; lastKnownFileType = sourcecode.swift; path = MainMenuTableViewController.swift; sourceTree = "<group>"; };
		D1DA871E1E69B2420021D859 /* MainMenuController.swift */ = {isa = PBXFileReference; fileEncoding = 4; lastKnownFileType = sourcecode.swift; path = MainMenuController.swift; sourceTree = "<group>"; };
		D1DA87251E6AD86D0021D859 /* Icon-App-20x20@1x.png */ = {isa = PBXFileReference; lastKnownFileType = image.png; name = "Icon-App-20x20@1x.png"; path = "Appicon/Icon-App-20x20@1x.png"; sourceTree = "<group>"; };
		D1DA87261E6AD86D0021D859 /* Icon-App-20x20@2x.png */ = {isa = PBXFileReference; lastKnownFileType = image.png; name = "Icon-App-20x20@2x.png"; path = "Appicon/Icon-App-20x20@2x.png"; sourceTree = "<group>"; };
		D1DA87271E6AD86D0021D859 /* Icon-App-20x20@3x.png */ = {isa = PBXFileReference; lastKnownFileType = image.png; name = "Icon-App-20x20@3x.png"; path = "Appicon/Icon-App-20x20@3x.png"; sourceTree = "<group>"; };
		D1DA87281E6AD86D0021D859 /* Icon-App-29x29@1x.png */ = {isa = PBXFileReference; lastKnownFileType = image.png; name = "Icon-App-29x29@1x.png"; path = "Appicon/Icon-App-29x29@1x.png"; sourceTree = "<group>"; };
		D1DA87291E6AD86D0021D859 /* Icon-App-29x29@2x.png */ = {isa = PBXFileReference; lastKnownFileType = image.png; name = "Icon-App-29x29@2x.png"; path = "Appicon/Icon-App-29x29@2x.png"; sourceTree = "<group>"; };
		D1DA872A1E6AD86D0021D859 /* Icon-App-29x29@3x.png */ = {isa = PBXFileReference; lastKnownFileType = image.png; name = "Icon-App-29x29@3x.png"; path = "Appicon/Icon-App-29x29@3x.png"; sourceTree = "<group>"; };
		D1DA872B1E6AD86D0021D859 /* Icon-App-40x40@1x.png */ = {isa = PBXFileReference; lastKnownFileType = image.png; name = "Icon-App-40x40@1x.png"; path = "Appicon/Icon-App-40x40@1x.png"; sourceTree = "<group>"; };
		D1DA872C1E6AD86D0021D859 /* Icon-App-40x40@2x.png */ = {isa = PBXFileReference; lastKnownFileType = image.png; name = "Icon-App-40x40@2x.png"; path = "Appicon/Icon-App-40x40@2x.png"; sourceTree = "<group>"; };
		D1DA872D1E6AD86D0021D859 /* Icon-App-40x40@3x.png */ = {isa = PBXFileReference; lastKnownFileType = image.png; name = "Icon-App-40x40@3x.png"; path = "Appicon/Icon-App-40x40@3x.png"; sourceTree = "<group>"; };
		D1DA872E1E6AD86D0021D859 /* Icon-App-57x57@1x.png */ = {isa = PBXFileReference; lastKnownFileType = image.png; name = "Icon-App-57x57@1x.png"; path = "Appicon/Icon-App-57x57@1x.png"; sourceTree = "<group>"; };
		D1DA872F1E6AD86D0021D859 /* Icon-App-57x57@2x.png */ = {isa = PBXFileReference; lastKnownFileType = image.png; name = "Icon-App-57x57@2x.png"; path = "Appicon/Icon-App-57x57@2x.png"; sourceTree = "<group>"; };
		D1DA87301E6AD86D0021D859 /* Icon-App-60x60@1x.png */ = {isa = PBXFileReference; lastKnownFileType = image.png; name = "Icon-App-60x60@1x.png"; path = "Appicon/Icon-App-60x60@1x.png"; sourceTree = "<group>"; };
		D1DA87311E6AD86D0021D859 /* Icon-App-60x60@2x.png */ = {isa = PBXFileReference; lastKnownFileType = image.png; name = "Icon-App-60x60@2x.png"; path = "Appicon/Icon-App-60x60@2x.png"; sourceTree = "<group>"; };
		D1DA87321E6AD86D0021D859 /* Icon-App-60x60@3x.png */ = {isa = PBXFileReference; lastKnownFileType = image.png; name = "Icon-App-60x60@3x.png"; path = "Appicon/Icon-App-60x60@3x.png"; sourceTree = "<group>"; };
		D1DA87331E6AD86D0021D859 /* Icon-App-72x72@1x.png */ = {isa = PBXFileReference; lastKnownFileType = image.png; name = "Icon-App-72x72@1x.png"; path = "Appicon/Icon-App-72x72@1x.png"; sourceTree = "<group>"; };
		D1DA87341E6AD86D0021D859 /* Icon-App-72x72@2x.png */ = {isa = PBXFileReference; lastKnownFileType = image.png; name = "Icon-App-72x72@2x.png"; path = "Appicon/Icon-App-72x72@2x.png"; sourceTree = "<group>"; };
		D1DA87351E6AD86D0021D859 /* Icon-App-76x76@1x.png */ = {isa = PBXFileReference; lastKnownFileType = image.png; name = "Icon-App-76x76@1x.png"; path = "Appicon/Icon-App-76x76@1x.png"; sourceTree = "<group>"; };
		D1DA87361E6AD86D0021D859 /* Icon-App-76x76@2x.png */ = {isa = PBXFileReference; lastKnownFileType = image.png; name = "Icon-App-76x76@2x.png"; path = "Appicon/Icon-App-76x76@2x.png"; sourceTree = "<group>"; };
		D1DA87371E6AD86D0021D859 /* Icon-App-76x76@3x.png */ = {isa = PBXFileReference; lastKnownFileType = image.png; name = "Icon-App-76x76@3x.png"; path = "Appicon/Icon-App-76x76@3x.png"; sourceTree = "<group>"; };
		D1DA87381E6AD86D0021D859 /* Icon-App-83.5x83.5@2x.png */ = {isa = PBXFileReference; lastKnownFileType = image.png; name = "Icon-App-83.5x83.5@2x.png"; path = "Appicon/Icon-App-83.5x83.5@2x.png"; sourceTree = "<group>"; };
		D1DA87391E6AD86D0021D859 /* Icon-Small-50x50@1x.png */ = {isa = PBXFileReference; lastKnownFileType = image.png; name = "Icon-Small-50x50@1x.png"; path = "Appicon/Icon-Small-50x50@1x.png"; sourceTree = "<group>"; };
		D1DA873A1E6AD86D0021D859 /* Icon-Small-50x50@2x.png */ = {isa = PBXFileReference; lastKnownFileType = image.png; name = "Icon-Small-50x50@2x.png"; path = "Appicon/Icon-Small-50x50@2x.png"; sourceTree = "<group>"; };
		D1DA87551E6ADC8D0021D859 /* Default.png */ = {isa = PBXFileReference; lastKnownFileType = image.png; name = Default.png; path = Launchscreen/Default.png; sourceTree = "<group>"; };
		D1DA875D1E6AE0260021D859 /* Default-568h@2x~iphone_640x1136.png */ = {isa = PBXFileReference; lastKnownFileType = image.png; name = "Default-568h@2x~iphone_640x1136.png"; path = "Launchscreen/Default-568h@2x~iphone_640x1136.png"; sourceTree = "<group>"; };
		D1DA875E1E6AE0260021D859 /* Default-750@2x~iphone6-portrait_750x1334.png */ = {isa = PBXFileReference; lastKnownFileType = image.png; name = "Default-750@2x~iphone6-portrait_750x1334.png"; path = "Launchscreen/Default-750@2x~iphone6-portrait_750x1334.png"; sourceTree = "<group>"; };
		D1DA875F1E6AE0260021D859 /* Default-1242@3x~iphone6s-portrait_1242x2208.png */ = {isa = PBXFileReference; lastKnownFileType = image.png; name = "Default-1242@3x~iphone6s-portrait_1242x2208.png"; path = "Launchscreen/Default-1242@3x~iphone6s-portrait_1242x2208.png"; sourceTree = "<group>"; };
		D1DA87601E6AE0260021D859 /* Default-Portrait@2x~ipad_1536x2008.png */ = {isa = PBXFileReference; lastKnownFileType = image.png; name = "Default-Portrait@2x~ipad_1536x2008.png"; path = "Launchscreen/Default-Portrait@2x~ipad_1536x2008.png"; sourceTree = "<group>"; };
		D1DA87611E6AE0260021D859 /* Default-Portrait@2x~ipad_1536x2048.png */ = {isa = PBXFileReference; lastKnownFileType = image.png; name = "Default-Portrait@2x~ipad_1536x2048.png"; path = "Launchscreen/Default-Portrait@2x~ipad_1536x2048.png"; sourceTree = "<group>"; };
		D1DA87621E6AE0260021D859 /* Default-Portrait~ipad_768x1024.png */ = {isa = PBXFileReference; lastKnownFileType = image.png; name = "Default-Portrait~ipad_768x1024.png"; path = "Launchscreen/Default-Portrait~ipad_768x1024.png"; sourceTree = "<group>"; };
		D1DA87631E6AE0260021D859 /* Default@2x~iphone_640x960.png */ = {isa = PBXFileReference; lastKnownFileType = image.png; name = "Default@2x~iphone_640x960.png"; path = "Launchscreen/Default@2x~iphone_640x960.png"; sourceTree = "<group>"; };
		D1DA87641E6AE0260021D859 /* Default~ipad.png */ = {isa = PBXFileReference; lastKnownFileType = image.png; name = "Default~ipad.png"; path = "Launchscreen/Default~ipad.png"; sourceTree = "<group>"; };
		D1DA87651E6AE0260021D859 /* Default~iphone.png */ = {isa = PBXFileReference; lastKnownFileType = image.png; name = "Default~iphone.png"; path = "Launchscreen/Default~iphone.png"; sourceTree = "<group>"; };
		D1DA87701E6AE1330021D859 /* Default-750@2x~iphone6-landscape_1334x750.png */ = {isa = PBXFileReference; lastKnownFileType = image.png; name = "Default-750@2x~iphone6-landscape_1334x750.png"; path = "Launchscreen/Default-750@2x~iphone6-landscape_1334x750.png"; sourceTree = "<group>"; };
		D1DA87711E6AE1330021D859 /* Default-1242@3x~iphone6s-landscape_2208x1242.png */ = {isa = PBXFileReference; lastKnownFileType = image.png; name = "Default-1242@3x~iphone6s-landscape_2208x1242.png"; path = "Launchscreen/Default-1242@3x~iphone6s-landscape_2208x1242.png"; sourceTree = "<group>"; };
		D1DA87721E6AE1330021D859 /* Default-Landscape@2x~ipad_2048x1496.png */ = {isa = PBXFileReference; lastKnownFileType = image.png; name = "Default-Landscape@2x~ipad_2048x1496.png"; path = "Launchscreen/Default-Landscape@2x~ipad_2048x1496.png"; sourceTree = "<group>"; };
		D1DA87731E6AE1330021D859 /* Default-Landscape@2x~ipad_2048x1536.png */ = {isa = PBXFileReference; lastKnownFileType = image.png; name = "Default-Landscape@2x~ipad_2048x1536.png"; path = "Launchscreen/Default-Landscape@2x~ipad_2048x1536.png"; sourceTree = "<group>"; };
		D1DA87741E6AE1330021D859 /* Default-Landscape~ipad_1024x748.png */ = {isa = PBXFileReference; lastKnownFileType = image.png; name = "Default-Landscape~ipad_1024x748.png"; path = "Launchscreen/Default-Landscape~ipad_1024x748.png"; sourceTree = "<group>"; };
		D1DA87751E6AE1330021D859 /* Default-Landscape~ipad_1024x768.png */ = {isa = PBXFileReference; lastKnownFileType = image.png; name = "Default-Landscape~ipad_1024x768.png"; path = "Launchscreen/Default-Landscape~ipad_1024x768.png"; sourceTree = "<group>"; };
		D1F4EFEF1E64283100E53E3F /* Header.h */ = {isa = PBXFileReference; lastKnownFileType = sourcecode.c.h; path = Header.h; sourceTree = "<group>"; };
		DC0EE6861E4CEA3A00DFC484 /* CookingApp.app */ = {isa = PBXFileReference; explicitFileType = wrapper.application; includeInIndex = 0; path = CookingApp.app; sourceTree = BUILT_PRODUCTS_DIR; };
		DC0EE6891E4CEA3A00DFC484 /* AppDelegate.swift */ = {isa = PBXFileReference; lastKnownFileType = sourcecode.swift; path = AppDelegate.swift; sourceTree = "<group>"; };
		DC0EE68E1E4CEA3A00DFC484 /* Base */ = {isa = PBXFileReference; lastKnownFileType = file.storyboard; name = Base; path = Base.lproj/Main.storyboard; sourceTree = "<group>"; };
		DC0EE6911E4CEA3A00DFC484 /* CookingApp.xcdatamodel */ = {isa = PBXFileReference; lastKnownFileType = wrapper.xcdatamodel; path = CookingApp.xcdatamodel; sourceTree = "<group>"; };
		DC0EE6931E4CEA3A00DFC484 /* Assets.xcassets */ = {isa = PBXFileReference; lastKnownFileType = folder.assetcatalog; path = Assets.xcassets; sourceTree = "<group>"; };
		DC0EE6961E4CEA3A00DFC484 /* Base */ = {isa = PBXFileReference; lastKnownFileType = file.storyboard; name = Base; path = Base.lproj/LaunchScreen.storyboard; sourceTree = "<group>"; };
		DC0EE6981E4CEA3A00DFC484 /* Info.plist */ = {isa = PBXFileReference; lastKnownFileType = text.plist.xml; path = Info.plist; sourceTree = "<group>"; };
		DC0EE69D1E4CEA3A00DFC484 /* CookingAppTests.xctest */ = {isa = PBXFileReference; explicitFileType = wrapper.cfbundle; includeInIndex = 0; path = CookingAppTests.xctest; sourceTree = BUILT_PRODUCTS_DIR; };
		DC0EE6A11E4CEA3A00DFC484 /* CookingAppTests.swift */ = {isa = PBXFileReference; lastKnownFileType = sourcecode.swift; path = CookingAppTests.swift; sourceTree = "<group>"; };
		DC0EE6A31E4CEA3A00DFC484 /* Info.plist */ = {isa = PBXFileReference; lastKnownFileType = text.plist.xml; path = Info.plist; sourceTree = "<group>"; };
		DC0EE6A81E4CEA3A00DFC484 /* CookingAppUITests.xctest */ = {isa = PBXFileReference; explicitFileType = wrapper.cfbundle; includeInIndex = 0; path = CookingAppUITests.xctest; sourceTree = BUILT_PRODUCTS_DIR; };
		DC0EE6AC1E4CEA3A00DFC484 /* CookingAppUITests.swift */ = {isa = PBXFileReference; lastKnownFileType = sourcecode.swift; path = CookingAppUITests.swift; sourceTree = "<group>"; };
		DC0EE6AE1E4CEA3A00DFC484 /* Info.plist */ = {isa = PBXFileReference; lastKnownFileType = text.plist.xml; path = Info.plist; sourceTree = "<group>"; };
		DC0EE6BA1E4CFA0200DFC484 /* CoreDataManager.swift */ = {isa = PBXFileReference; fileEncoding = 4; lastKnownFileType = sourcecode.swift; path = CoreDataManager.swift; sourceTree = "<group>"; };
		DC0EE6BE1E4D20FE00DFC484 /* cheesecake.jpg */ = {isa = PBXFileReference; lastKnownFileType = image.jpeg; path = cheesecake.jpg; sourceTree = "<group>"; };
		DC55CDE21E6231E900FB003A /* ListDetailsViewController.swift */ = {isa = PBXFileReference; fileEncoding = 4; lastKnownFileType = sourcecode.swift; name = ListDetailsViewController.swift; path = ../ListDetailsViewController.swift; sourceTree = "<group>"; };
		DC712E1F1E4F7236004CC12A /* CustomRecipeCell.swift */ = {isa = PBXFileReference; fileEncoding = 4; lastKnownFileType = sourcecode.swift; path = CustomRecipeCell.swift; sourceTree = "<group>"; };
		DC9769931E643B0400639BB0 /* CustomRecipeCell.xib */ = {isa = PBXFileReference; fileEncoding = 4; lastKnownFileType = file.xib; path = CustomRecipeCell.xib; sourceTree = "<group>"; };
		DC9769D81E644E0700639BB0 /* ActionSheetPicker_3_0.framework */ = {isa = PBXFileReference; lastKnownFileType = wrapper.framework; name = ActionSheetPicker_3_0.framework; path = "Pods/../build/Debug-iphoneos/ActionSheetPicker-3.0/ActionSheetPicker_3_0.framework"; sourceTree = "<group>"; };
		DC9769DA1E65BFB900639BB0 /* Alamofire.framework */ = {isa = PBXFileReference; lastKnownFileType = wrapper.framework; name = Alamofire.framework; path = "../../../Library/Developer/Xcode/DerivedData/CookingApp-btrwequqeqpglodgdkxcdnyvaeaj/Build/Products/Debug-iphonesimulator/Alamofire/Alamofire.framework"; sourceTree = "<group>"; };
		DC9769DB1E65BFB900639BB0 /* Moya.framework */ = {isa = PBXFileReference; lastKnownFileType = wrapper.framework; name = Moya.framework; path = "../../../Library/Developer/Xcode/DerivedData/CookingApp-btrwequqeqpglodgdkxcdnyvaeaj/Build/Products/Debug-iphonesimulator/Moya/Moya.framework"; sourceTree = "<group>"; };
		DC9769DC1E65BFB900639BB0 /* Result.framework */ = {isa = PBXFileReference; lastKnownFileType = wrapper.framework; name = Result.framework; path = "../../../Library/Developer/Xcode/DerivedData/CookingApp-btrwequqeqpglodgdkxcdnyvaeaj/Build/Products/Debug-iphonesimulator/Result/Result.framework"; sourceTree = "<group>"; };
		DC9769DD1E65BFB900639BB0 /* SwiftyJSON.framework */ = {isa = PBXFileReference; lastKnownFileType = wrapper.framework; name = SwiftyJSON.framework; path = "../../../Library/Developer/Xcode/DerivedData/CookingApp-btrwequqeqpglodgdkxcdnyvaeaj/Build/Products/Debug-iphonesimulator/SwiftyJSON/SwiftyJSON.framework"; sourceTree = "<group>"; };
		DC9769E21E65BFC300639BB0 /* ActionSheetPicker_3_0.framework */ = {isa = PBXFileReference; lastKnownFileType = wrapper.framework; name = ActionSheetPicker_3_0.framework; path = "../../../Library/Developer/Xcode/DerivedData/CookingApp-btrwequqeqpglodgdkxcdnyvaeaj/Build/Products/Debug-iphonesimulator/ActionSheetPicker-3.0/ActionSheetPicker_3_0.framework"; sourceTree = "<group>"; };
		DC98C0E21E6360B600AD6547 /* EntityManager.swift */ = {isa = PBXFileReference; fileEncoding = 4; lastKnownFileType = sourcecode.swift; path = EntityManager.swift; sourceTree = "<group>"; };
		DCB643D71E68C4C0009CC297 /* AllRecipesViewController.swift */ = {isa = PBXFileReference; fileEncoding = 4; lastKnownFileType = sourcecode.swift; path = AllRecipesViewController.swift; sourceTree = "<group>"; };
		DCD1FF9C1E6761E50093496B /* FetchManager.swift */ = {isa = PBXFileReference; fileEncoding = 4; lastKnownFileType = sourcecode.swift; path = FetchManager.swift; sourceTree = "<group>"; };
		DCD1FF9E1E6761FC0093496B /* APIManager.swift */ = {isa = PBXFileReference; fileEncoding = 4; lastKnownFileType = sourcecode.swift; path = APIManager.swift; sourceTree = "<group>"; };
		DCD1FFA01E6762620093496B /* RecipeObject.swift */ = {isa = PBXFileReference; fileEncoding = 4; lastKnownFileType = sourcecode.swift; path = RecipeObject.swift; sourceTree = "<group>"; };
/* End PBXFileReference section */

/* Begin PBXFrameworksBuildPhase section */
		DC0EE6831E4CEA3900DFC484 /* Frameworks */ = {
			isa = PBXFrameworksBuildPhase;
			buildActionMask = 2147483647;
			files = (
				DC9769E31E65BFC300639BB0 /* ActionSheetPicker_3_0.framework in Frameworks */,
				55AE6854BF4B1154F05FE50E /* Pods_CookingApp.framework in Frameworks */,
			);
			runOnlyForDeploymentPostprocessing = 0;
		};
		DC0EE69A1E4CEA3A00DFC484 /* Frameworks */ = {
			isa = PBXFrameworksBuildPhase;
			buildActionMask = 2147483647;
			files = (
			);
			runOnlyForDeploymentPostprocessing = 0;
		};
		DC0EE6A51E4CEA3A00DFC484 /* Frameworks */ = {
			isa = PBXFrameworksBuildPhase;
			buildActionMask = 2147483647;
			files = (
			);
			runOnlyForDeploymentPostprocessing = 0;
		};
/* End PBXFrameworksBuildPhase section */

/* Begin PBXGroup section */
		0FE8C6D89341478F51F12A06 /* Frameworks */ = {
			isa = PBXGroup;
			children = (
				DC9769E21E65BFC300639BB0 /* ActionSheetPicker_3_0.framework */,
				DC9769DA1E65BFB900639BB0 /* Alamofire.framework */,
				DC9769DB1E65BFB900639BB0 /* Moya.framework */,
				DC9769DC1E65BFB900639BB0 /* Result.framework */,
				DC9769DD1E65BFB900639BB0 /* SwiftyJSON.framework */,
				DC9769D81E644E0700639BB0 /* ActionSheetPicker_3_0.framework */,
				B3A6FA7F919ACCCC88692856 /* Pods_CookingApp.framework */,
			);
			name = Frameworks;
			sourceTree = "<group>";
		};
		7064EA9D0F2A3FD8C7D7CF55 /* Pods */ = {
			isa = PBXGroup;
			children = (
				3959F85BD124D77DAB8EE737 /* Pods-CookingApp.debug.xcconfig */,
				0AB1D42C54D2336E3665C971 /* Pods-CookingApp.release.xcconfig */,
			);
			name = Pods;
			sourceTree = "<group>";
		};
		D11A38B21E660EA600CFB3E9 /* AddNewRecipe */ = {
			isa = PBXGroup;
			children = (
				D11A38B91E66368600CFB3E9 /* NewInstructions */,
				D11235551E64B3A000060628 /* AddRecipePageControlViewController.swift */,
				D187F9771E673D3100829C07 /* AddRecipePageViewController.swift */,
				D11A38B41E660EDE00CFB3E9 /* GeneralInformation */,
				D11A38B31E660EB700CFB3E9 /* NewIngredient */,
			);
			name = AddNewRecipe;
			sourceTree = "<group>";
		};
		D11A38B31E660EB700CFB3E9 /* NewIngredient */ = {
			isa = PBXGroup;
			children = (
				D11A38AE1E66063F00CFB3E9 /* Ingredient.swift */,
				D11235571E64E40700060628 /* AddIngriedientViewController.swift */,
				D11A38B01E66094E00CFB3E9 /* IngredientTableViewCell.swift */,
				D11A38B71E66101700CFB3E9 /* IngredientViewController.swift */,
			);
			name = NewIngredient;
			sourceTree = "<group>";
		};
		D11A38B41E660EDE00CFB3E9 /* GeneralInformation */ = {
			isa = PBXGroup;
			children = (
				D11A38AC1E65EF7900CFB3E9 /* GeneralInformationViewController.swift */,
			);
			name = GeneralInformation;
			sourceTree = "<group>";
		};
		D11A38B91E66368600CFB3E9 /* NewInstructions */ = {
			isa = PBXGroup;
			children = (
				D11A38BA1E66399C00CFB3E9 /* InstructionTableViewController.swift */,
				D1202B031E663E060014C908 /* Instruction.swift */,
				D1202B051E663E6A0014C908 /* InstructionTableViewCell.swift */,
				D1202B071E6642ED0014C908 /* InstructionViewController.swift */,
			);
			name = NewInstructions;
			sourceTree = "<group>";
		};
		D187F9861E673FB600829C07 /* Pictures */ = {
			isa = PBXGroup;
			children = (
				D1DA87511E6ADC7B0021D859 /* Launchscreen */,
				D1DA87241E6AD84B0021D859 /* Appicon */,
				D19D5A241E68F52700A6343C /* darkGrey.png */,
				D19D5A1E1E68C60C00A6343C /* menu-button.png */,
				D187F9871E67414400829C07 /* 001-recipes.png */,
				D187F9881E67414400829C07 /* 002-mitten.png */,
				D1202B091E66E89E0014C908 /* lightBlueBackground.jpg */,
				DC0EE6BE1E4D20FE00DFC484 /* cheesecake.jpg */,
				D1202B0B1E66E97A0014C908 /* lightGrey.jpg */,
				D187F9801E673F8900829C07 /* 002-cookbook.png */,
				D187F9821E673FA900829C07 /* 001-chef.png */,
				D187F9831E673FA900829C07 /* 003-harvest.png */,
				D187F97B1E673E1B00829C07 /* 002-stew.png */,
				D187F97C1E673E1B00829C07 /* 003-oat.png */,
			);
			name = Pictures;
			sourceTree = "<group>";
		};
		D187F98B1E67611400829C07 /* RecipeLists */ = {
			isa = PBXGroup;
			children = (
				D187F9911E685EF800829C07 /* AddRecipeToList */,
				D187F98C1E67612300829C07 /* NewList */,
				D19D5A201E68E76300A6343C /* RecipeListsMenuTableViewController.swift */,
				D19D5A221E68EB0000A6343C /* RecipeListsTableViewCell.swift */,
				D1DA87181E697BE00021D859 /* MenuTransitionManager.swift */,
			);
			name = RecipeLists;
			sourceTree = "<group>";
		};
		D187F98C1E67612300829C07 /* NewList */ = {
			isa = PBXGroup;
			children = (
				D187F98D1E67613700829C07 /* NewListViewController.swift */,
			);
			name = NewList;
			sourceTree = "<group>";
		};
		D187F9911E685EF800829C07 /* AddRecipeToList */ = {
			isa = PBXGroup;
			children = (
				D187F9921E685F1700829C07 /* AddRecipeToListViewController.swift */,
			);
			name = AddRecipeToList;
			sourceTree = "<group>";
		};
		D1DA87241E6AD84B0021D859 /* Appicon */ = {
			isa = PBXGroup;
			children = (
				D1DA87251E6AD86D0021D859 /* Icon-App-20x20@1x.png */,
				D1DA87261E6AD86D0021D859 /* Icon-App-20x20@2x.png */,
				D1DA87271E6AD86D0021D859 /* Icon-App-20x20@3x.png */,
				D1DA87281E6AD86D0021D859 /* Icon-App-29x29@1x.png */,
				D1DA87291E6AD86D0021D859 /* Icon-App-29x29@2x.png */,
				D1DA872A1E6AD86D0021D859 /* Icon-App-29x29@3x.png */,
				D1DA872B1E6AD86D0021D859 /* Icon-App-40x40@1x.png */,
				D1DA872C1E6AD86D0021D859 /* Icon-App-40x40@2x.png */,
				D1DA872D1E6AD86D0021D859 /* Icon-App-40x40@3x.png */,
				D1DA872E1E6AD86D0021D859 /* Icon-App-57x57@1x.png */,
				D1DA872F1E6AD86D0021D859 /* Icon-App-57x57@2x.png */,
				D1DA87301E6AD86D0021D859 /* Icon-App-60x60@1x.png */,
				D1DA87311E6AD86D0021D859 /* Icon-App-60x60@2x.png */,
				D1DA87321E6AD86D0021D859 /* Icon-App-60x60@3x.png */,
				D1DA87331E6AD86D0021D859 /* Icon-App-72x72@1x.png */,
				D1DA87341E6AD86D0021D859 /* Icon-App-72x72@2x.png */,
				D1DA87351E6AD86D0021D859 /* Icon-App-76x76@1x.png */,
				D1DA87361E6AD86D0021D859 /* Icon-App-76x76@2x.png */,
				D1DA87371E6AD86D0021D859 /* Icon-App-76x76@3x.png */,
				D1DA87381E6AD86D0021D859 /* Icon-App-83.5x83.5@2x.png */,
				D1DA87391E6AD86D0021D859 /* Icon-Small-50x50@1x.png */,
				D1DA873A1E6AD86D0021D859 /* Icon-Small-50x50@2x.png */,
			);
			name = Appicon;
			sourceTree = "<group>";
		};
		D1DA87511E6ADC7B0021D859 /* Launchscreen */ = {
			isa = PBXGroup;
			children = (
				D1DA876F1E6AE0530021D859 /* Landscapemode */,
				D1DA875C1E6AE0100021D859 /* Portraitmode */,
			);
			name = Launchscreen;
			sourceTree = "<group>";
		};
		D1DA875C1E6AE0100021D859 /* Portraitmode */ = {
			isa = PBXGroup;
			children = (
				D1DA875D1E6AE0260021D859 /* Default-568h@2x~iphone_640x1136.png */,
				D1DA875E1E6AE0260021D859 /* Default-750@2x~iphone6-portrait_750x1334.png */,
				D1DA875F1E6AE0260021D859 /* Default-1242@3x~iphone6s-portrait_1242x2208.png */,
				D1DA87601E6AE0260021D859 /* Default-Portrait@2x~ipad_1536x2008.png */,
				D1DA87611E6AE0260021D859 /* Default-Portrait@2x~ipad_1536x2048.png */,
				D1DA87621E6AE0260021D859 /* Default-Portrait~ipad_768x1024.png */,
				D1DA87631E6AE0260021D859 /* Default@2x~iphone_640x960.png */,
				D1DA87641E6AE0260021D859 /* Default~ipad.png */,
				D1DA87651E6AE0260021D859 /* Default~iphone.png */,
				D1DA87551E6ADC8D0021D859 /* Default.png */,
			);
			name = Portraitmode;
			sourceTree = "<group>";
		};
		D1DA876F1E6AE0530021D859 /* Landscapemode */ = {
			isa = PBXGroup;
			children = (
				D1DA87711E6AE1330021D859 /* Default-1242@3x~iphone6s-landscape_2208x1242.png */,
				D1DA87721E6AE1330021D859 /* Default-Landscape@2x~ipad_2048x1496.png */,
				D1DA87731E6AE1330021D859 /* Default-Landscape@2x~ipad_2048x1536.png */,
				D1DA87741E6AE1330021D859 /* Default-Landscape~ipad_1024x748.png */,
				D1DA87751E6AE1330021D859 /* Default-Landscape~ipad_1024x768.png */,
				D1DA87701E6AE1330021D859 /* Default-750@2x~iphone6-landscape_1334x750.png */,
			);
			name = Landscapemode;
			sourceTree = "<group>";
		};
		DC0EE67D1E4CEA3900DFC484 = {
			isa = PBXGroup;
			children = (
				DC0EE6881E4CEA3A00DFC484 /* CookingApp */,
				DC0EE6A01E4CEA3A00DFC484 /* CookingAppTests */,
				DC0EE6AB1E4CEA3A00DFC484 /* CookingAppUITests */,
				DC0EE6871E4CEA3A00DFC484 /* Products */,
				7064EA9D0F2A3FD8C7D7CF55 /* Pods */,
				0FE8C6D89341478F51F12A06 /* Frameworks */,
			);
			sourceTree = "<group>";
		};
		DC0EE6871E4CEA3A00DFC484 /* Products */ = {
			isa = PBXGroup;
			children = (
				DC0EE6861E4CEA3A00DFC484 /* CookingApp.app */,
				DC0EE69D1E4CEA3A00DFC484 /* CookingAppTests.xctest */,
				DC0EE6A81E4CEA3A00DFC484 /* CookingAppUITests.xctest */,
			);
			name = Products;
			sourceTree = "<group>";
		};
		DC0EE6881E4CEA3A00DFC484 /* CookingApp */ = {
			isa = PBXGroup;
			children = (
				D187F98B1E67611400829C07 /* RecipeLists */,
				D187F9861E673FB600829C07 /* Pictures */,
				D11A38B21E660EA600CFB3E9 /* AddNewRecipe */,
				DC55CDE11E622FAF00FB003A /* Manager */,
				DC55CDE01E622FA800FB003A /* ViewController */,
				DC0EE6891E4CEA3A00DFC484 /* AppDelegate.swift */,
				DC0EE68D1E4CEA3A00DFC484 /* Main.storyboard */,
				DC0EE6931E4CEA3A00DFC484 /* Assets.xcassets */,
				DC0EE6951E4CEA3A00DFC484 /* LaunchScreen.storyboard */,
				DC0EE6981E4CEA3A00DFC484 /* Info.plist */,
				DC0EE6901E4CEA3A00DFC484 /* CookingApp.xcdatamodeld */,
				DC712E1F1E4F7236004CC12A /* CustomRecipeCell.swift */,
				DC9769931E643B0400639BB0 /* CustomRecipeCell.xib */,
				DCD1FFA01E6762620093496B /* RecipeObject.swift */,
				D1F4EFEF1E64283100E53E3F /* Header.h */,
			);
			path = CookingApp;
			sourceTree = "<group>";
		};
		DC0EE6A01E4CEA3A00DFC484 /* CookingAppTests */ = {
			isa = PBXGroup;
			children = (
				DC0EE6A11E4CEA3A00DFC484 /* CookingAppTests.swift */,
				DC0EE6A31E4CEA3A00DFC484 /* Info.plist */,
			);
			path = CookingAppTests;
			sourceTree = "<group>";
		};
		DC0EE6AB1E4CEA3A00DFC484 /* CookingAppUITests */ = {
			isa = PBXGroup;
			children = (
				DC0EE6AC1E4CEA3A00DFC484 /* CookingAppUITests.swift */,
				DC0EE6AE1E4CEA3A00DFC484 /* Info.plist */,
			);
			path = CookingAppUITests;
			sourceTree = "<group>";
		};
		DC55CDE01E622FA800FB003A /* ViewController */ = {
			isa = PBXGroup;
			children = (
				D187F9941E686C8700829C07 /* RecipeListsViewController.swift */,
				DC55CDE21E6231E900FB003A /* ListDetailsViewController.swift */,
				DCB643D71E68C4C0009CC297 /* AllRecipesViewController.swift */,
				D1DA871C1E69A9510021D859 /* MainMenuTableViewController.swift */,
				D1DA871E1E69B2420021D859 /* MainMenuController.swift */,
			);
			name = ViewController;
			sourceTree = "<group>";
		};
		DC55CDE11E622FAF00FB003A /* Manager */ = {
			isa = PBXGroup;
			children = (
				DC0EE6BA1E4CFA0200DFC484 /* CoreDataManager.swift */,
				DC98C0E21E6360B600AD6547 /* EntityManager.swift */,
				DCD1FF9C1E6761E50093496B /* FetchManager.swift */,
				DCD1FF9E1E6761FC0093496B /* APIManager.swift */,
			);
			name = Manager;
			sourceTree = "<group>";
		};
/* End PBXGroup section */

/* Begin PBXNativeTarget section */
		DC0EE6851E4CEA3900DFC484 /* CookingApp */ = {
			isa = PBXNativeTarget;
			buildConfigurationList = DC0EE6B11E4CEA3A00DFC484 /* Build configuration list for PBXNativeTarget "CookingApp" */;
			buildPhases = (
				4DFC2229BBDADC59291A9DF3 /* [CP] Check Pods Manifest.lock */,
				DC0EE6821E4CEA3900DFC484 /* Sources */,
				DC0EE6831E4CEA3900DFC484 /* Frameworks */,
				DC0EE6841E4CEA3900DFC484 /* Resources */,
				6FAF0D0D85AF98A924B9A00A /* [CP] Embed Pods Frameworks */,
				D304042781E0D3E2EF86F424 /* [CP] Copy Pods Resources */,
			);
			buildRules = (
			);
			dependencies = (
			);
			name = CookingApp;
			productName = CookingApp;
			productReference = DC0EE6861E4CEA3A00DFC484 /* CookingApp.app */;
			productType = "com.apple.product-type.application";
		};
		DC0EE69C1E4CEA3A00DFC484 /* CookingAppTests */ = {
			isa = PBXNativeTarget;
			buildConfigurationList = DC0EE6B41E4CEA3A00DFC484 /* Build configuration list for PBXNativeTarget "CookingAppTests" */;
			buildPhases = (
				DC0EE6991E4CEA3A00DFC484 /* Sources */,
				DC0EE69A1E4CEA3A00DFC484 /* Frameworks */,
				DC0EE69B1E4CEA3A00DFC484 /* Resources */,
			);
			buildRules = (
			);
			dependencies = (
				DC0EE69F1E4CEA3A00DFC484 /* PBXTargetDependency */,
			);
			name = CookingAppTests;
			productName = CookingAppTests;
			productReference = DC0EE69D1E4CEA3A00DFC484 /* CookingAppTests.xctest */;
			productType = "com.apple.product-type.bundle.unit-test";
		};
		DC0EE6A71E4CEA3A00DFC484 /* CookingAppUITests */ = {
			isa = PBXNativeTarget;
			buildConfigurationList = DC0EE6B71E4CEA3A00DFC484 /* Build configuration list for PBXNativeTarget "CookingAppUITests" */;
			buildPhases = (
				DC0EE6A41E4CEA3A00DFC484 /* Sources */,
				DC0EE6A51E4CEA3A00DFC484 /* Frameworks */,
				DC0EE6A61E4CEA3A00DFC484 /* Resources */,
			);
			buildRules = (
			);
			dependencies = (
				DC0EE6AA1E4CEA3A00DFC484 /* PBXTargetDependency */,
			);
			name = CookingAppUITests;
			productName = CookingAppUITests;
			productReference = DC0EE6A81E4CEA3A00DFC484 /* CookingAppUITests.xctest */;
			productType = "com.apple.product-type.bundle.ui-testing";
		};
/* End PBXNativeTarget section */

/* Begin PBXProject section */
		DC0EE67E1E4CEA3900DFC484 /* Project object */ = {
			isa = PBXProject;
			attributes = {
				LastSwiftUpdateCheck = 0820;
				LastUpgradeCheck = 0820;
				ORGANIZATIONNAME = "Eva Jobst";
				TargetAttributes = {
					DC0EE6851E4CEA3900DFC484 = {
						CreatedOnToolsVersion = 8.2.1;
						LastSwiftMigration = 0820;
						ProvisioningStyle = Automatic;
					};
					DC0EE69C1E4CEA3A00DFC484 = {
						CreatedOnToolsVersion = 8.2.1;
						ProvisioningStyle = Automatic;
						TestTargetID = DC0EE6851E4CEA3900DFC484;
					};
					DC0EE6A71E4CEA3A00DFC484 = {
						CreatedOnToolsVersion = 8.2.1;
						ProvisioningStyle = Automatic;
						TestTargetID = DC0EE6851E4CEA3900DFC484;
					};
				};
			};
			buildConfigurationList = DC0EE6811E4CEA3900DFC484 /* Build configuration list for PBXProject "CookingApp" */;
			compatibilityVersion = "Xcode 3.2";
			developmentRegion = English;
			hasScannedForEncodings = 0;
			knownRegions = (
				en,
				Base,
			);
			mainGroup = DC0EE67D1E4CEA3900DFC484;
			productRefGroup = DC0EE6871E4CEA3A00DFC484 /* Products */;
			projectDirPath = "";
			projectRoot = "";
			targets = (
				DC0EE6851E4CEA3900DFC484 /* CookingApp */,
				DC0EE69C1E4CEA3A00DFC484 /* CookingAppTests */,
				DC0EE6A71E4CEA3A00DFC484 /* CookingAppUITests */,
			);
		};
/* End PBXProject section */

/* Begin PBXResourcesBuildPhase section */
		DC0EE6841E4CEA3900DFC484 /* Resources */ = {
			isa = PBXResourcesBuildPhase;
			buildActionMask = 2147483647;
			files = (
				D1DA874A1E6AD86D0021D859 /* Icon-App-72x72@2x.png in Resources */,
				D1202B0A1E66E89E0014C908 /* lightBlueBackground.jpg in Resources */,
				D1DA876A1E6AE0260021D859 /* Default-Portrait@2x~ipad_1536x2048.png in Resources */,
				D1DA87441E6AD86D0021D859 /* Icon-App-57x57@1x.png in Resources */,
				D1DA876B1E6AE0260021D859 /* Default-Portrait~ipad_768x1024.png in Resources */,
				D1DA87781E6AE1330021D859 /* Default-Landscape@2x~ipad_2048x1496.png in Resources */,
				D187F98A1E67414400829C07 /* 002-mitten.png in Resources */,
				D1DA87501E6AD86D0021D859 /* Icon-Small-50x50@2x.png in Resources */,
				DC0EE6971E4CEA3A00DFC484 /* LaunchScreen.storyboard in Resources */,
				D1DA876C1E6AE0260021D859 /* Default@2x~iphone_640x960.png in Resources */,
				D1DA87491E6AD86D0021D859 /* Icon-App-72x72@1x.png in Resources */,
				D187F97E1E673E1B00829C07 /* 002-stew.png in Resources */,
				D1DA876E1E6AE0260021D859 /* Default~iphone.png in Resources */,
				D1DA87671E6AE0260021D859 /* Default-750@2x~iphone6-portrait_750x1334.png in Resources */,
				D187F9811E673F8900829C07 /* 002-cookbook.png in Resources */,
				D1DA873D1E6AD86D0021D859 /* Icon-App-20x20@3x.png in Resources */,
				D1DA87421E6AD86D0021D859 /* Icon-App-40x40@2x.png in Resources */,
				D1DA874E1E6AD86D0021D859 /* Icon-App-83.5x83.5@2x.png in Resources */,
				D187F9841E673FA900829C07 /* 001-chef.png in Resources */,
				D1DA87461E6AD86D0021D859 /* Icon-App-60x60@1x.png in Resources */,
				DC0EE6941E4CEA3A00DFC484 /* Assets.xcassets in Resources */,
				D1DA873F1E6AD86D0021D859 /* Icon-App-29x29@2x.png in Resources */,
				D1DA87451E6AD86D0021D859 /* Icon-App-57x57@2x.png in Resources */,
				D1DA87431E6AD86D0021D859 /* Icon-App-40x40@3x.png in Resources */,
				D1DA877B1E6AE1330021D859 /* Default-Landscape~ipad_1024x768.png in Resources */,
				D1DA87661E6AE0260021D859 /* Default-568h@2x~iphone_640x1136.png in Resources */,
				D187F9891E67414400829C07 /* 001-recipes.png in Resources */,
				D1DA874B1E6AD86D0021D859 /* Icon-App-76x76@1x.png in Resources */,
				D1DA877A1E6AE1330021D859 /* Default-Landscape~ipad_1024x748.png in Resources */,
				D1DA873B1E6AD86D0021D859 /* Icon-App-20x20@1x.png in Resources */,
				D1DA87411E6AD86D0021D859 /* Icon-App-40x40@1x.png in Resources */,
				D1DA876D1E6AE0260021D859 /* Default~ipad.png in Resources */,
				D1DA87681E6AE0260021D859 /* Default-1242@3x~iphone6s-portrait_1242x2208.png in Resources */,
				D19D5A251E68F52700A6343C /* darkGrey.png in Resources */,
				D1202B0C1E66E97A0014C908 /* lightGrey.jpg in Resources */,
				D1DA87791E6AE1330021D859 /* Default-Landscape@2x~ipad_2048x1536.png in Resources */,
				D1DA875A1E6ADC8D0021D859 /* Default.png in Resources */,
				D187F97F1E673E1B00829C07 /* 003-oat.png in Resources */,
				D1DA874F1E6AD86D0021D859 /* Icon-Small-50x50@1x.png in Resources */,
				D1DA87771E6AE1330021D859 /* Default-1242@3x~iphone6s-landscape_2208x1242.png in Resources */,
				DC9769941E643B0400639BB0 /* CustomRecipeCell.xib in Resources */,
				D1DA87481E6AD86D0021D859 /* Icon-App-60x60@3x.png in Resources */,
				D1DA87401E6AD86D0021D859 /* Icon-App-29x29@3x.png in Resources */,
				D19D5A1F1E68C60C00A6343C /* menu-button.png in Resources */,
				D1DA87471E6AD86D0021D859 /* Icon-App-60x60@2x.png in Resources */,
				D1DA87761E6AE1330021D859 /* Default-750@2x~iphone6-landscape_1334x750.png in Resources */,
				D1DA874C1E6AD86D0021D859 /* Icon-App-76x76@2x.png in Resources */,
				D1DA87691E6AE0260021D859 /* Default-Portrait@2x~ipad_1536x2008.png in Resources */,
				D1DA873E1E6AD86D0021D859 /* Icon-App-29x29@1x.png in Resources */,
				D1DA873C1E6AD86D0021D859 /* Icon-App-20x20@2x.png in Resources */,
				DC0EE6BF1E4D20FE00DFC484 /* cheesecake.jpg in Resources */,
				D1DA874D1E6AD86D0021D859 /* Icon-App-76x76@3x.png in Resources */,
				DC0EE68F1E4CEA3A00DFC484 /* Main.storyboard in Resources */,
				D187F9851E673FA900829C07 /* 003-harvest.png in Resources */,
			);
			runOnlyForDeploymentPostprocessing = 0;
		};
		DC0EE69B1E4CEA3A00DFC484 /* Resources */ = {
			isa = PBXResourcesBuildPhase;
			buildActionMask = 2147483647;
			files = (
			);
			runOnlyForDeploymentPostprocessing = 0;
		};
		DC0EE6A61E4CEA3A00DFC484 /* Resources */ = {
			isa = PBXResourcesBuildPhase;
			buildActionMask = 2147483647;
			files = (
			);
			runOnlyForDeploymentPostprocessing = 0;
		};
/* End PBXResourcesBuildPhase section */

/* Begin PBXShellScriptBuildPhase section */
		4DFC2229BBDADC59291A9DF3 /* [CP] Check Pods Manifest.lock */ = {
			isa = PBXShellScriptBuildPhase;
			buildActionMask = 2147483647;
			files = (
			);
			inputPaths = (
			);
			name = "[CP] Check Pods Manifest.lock";
			outputPaths = (
			);
			runOnlyForDeploymentPostprocessing = 0;
			shellPath = /bin/sh;
			shellScript = "diff \"${PODS_ROOT}/../Podfile.lock\" \"${PODS_ROOT}/Manifest.lock\" > /dev/null\nif [ $? != 0 ] ; then\n    # print error to STDERR\n    echo \"error: The sandbox is not in sync with the Podfile.lock. Run 'pod install' or update your CocoaPods installation.\" >&2\n    exit 1\nfi\n";
			showEnvVarsInLog = 0;
		};
		6FAF0D0D85AF98A924B9A00A /* [CP] Embed Pods Frameworks */ = {
			isa = PBXShellScriptBuildPhase;
			buildActionMask = 2147483647;
			files = (
			);
			inputPaths = (
			);
			name = "[CP] Embed Pods Frameworks";
			outputPaths = (
			);
			runOnlyForDeploymentPostprocessing = 0;
			shellPath = /bin/sh;
			shellScript = "\"${SRCROOT}/Pods/Target Support Files/Pods-CookingApp/Pods-CookingApp-frameworks.sh\"\n";
			showEnvVarsInLog = 0;
		};
		D304042781E0D3E2EF86F424 /* [CP] Copy Pods Resources */ = {
			isa = PBXShellScriptBuildPhase;
			buildActionMask = 2147483647;
			files = (
			);
			inputPaths = (
			);
			name = "[CP] Copy Pods Resources";
			outputPaths = (
			);
			runOnlyForDeploymentPostprocessing = 0;
			shellPath = /bin/sh;
			shellScript = "\"${SRCROOT}/Pods/Target Support Files/Pods-CookingApp/Pods-CookingApp-resources.sh\"\n";
			showEnvVarsInLog = 0;
		};
/* End PBXShellScriptBuildPhase section */

/* Begin PBXSourcesBuildPhase section */
		DC0EE6821E4CEA3900DFC484 /* Sources */ = {
			isa = PBXSourcesBuildPhase;
			buildActionMask = 2147483647;
			files = (
				D1202B081E6642ED0014C908 /* InstructionViewController.swift in Sources */,
				D1202B061E663E6A0014C908 /* InstructionTableViewCell.swift in Sources */,
				D187F98E1E67613700829C07 /* NewListViewController.swift in Sources */,
				DCD1FF9D1E6761E50093496B /* FetchManager.swift in Sources */,
				D1DA87191E697BE00021D859 /* MenuTransitionManager.swift in Sources */,
				DCD1FFA11E6762620093496B /* RecipeObject.swift in Sources */,
				D11A38B81E66101700CFB3E9 /* IngredientViewController.swift in Sources */,
				D11A38AF1E66063F00CFB3E9 /* Ingredient.swift in Sources */,
				DCD1FF9F1E6761FC0093496B /* APIManager.swift in Sources */,
				D187F9951E686C8700829C07 /* RecipeListsViewController.swift in Sources */,
				D11A38B11E66094E00CFB3E9 /* IngredientTableViewCell.swift in Sources */,
				DC55CDE31E6231E900FB003A /* ListDetailsViewController.swift in Sources */,
				D19D5A231E68EB0000A6343C /* RecipeListsTableViewCell.swift in Sources */,
				D11235561E64B3A000060628 /* AddRecipePageControlViewController.swift in Sources */,
				D19D5A211E68E76300A6343C /* RecipeListsMenuTableViewController.swift in Sources */,
				DC712E201E4F7236004CC12A /* CustomRecipeCell.swift in Sources */,
				D11A38BB1E66399C00CFB3E9 /* InstructionTableViewController.swift in Sources */,
				D11235581E64E40700060628 /* AddIngriedientViewController.swift in Sources */,
				DC0EE6921E4CEA3A00DFC484 /* CookingApp.xcdatamodeld in Sources */,
				D187F9931E685F1700829C07 /* AddRecipeToListViewController.swift in Sources */,
				DC0EE6BB1E4CFA0200DFC484 /* CoreDataManager.swift in Sources */,
				D11A38AD1E65EF7900CFB3E9 /* GeneralInformationViewController.swift in Sources */,
				DC98C0E31E6360B600AD6547 /* EntityManager.swift in Sources */,
				DCB643D81E68C4C0009CC297 /* AllRecipesViewController.swift in Sources */,
				D187F9791E673D3100829C07 /* AddRecipePageViewController.swift in Sources */,
				D1202B041E663E060014C908 /* Instruction.swift in Sources */,
				D1DA871F1E69B2420021D859 /* MainMenuController.swift in Sources */,
				DC0EE68A1E4CEA3A00DFC484 /* AppDelegate.swift in Sources */,
				D1DA871D1E69A9510021D859 /* MainMenuTableViewController.swift in Sources */,
			);
			runOnlyForDeploymentPostprocessing = 0;
		};
		DC0EE6991E4CEA3A00DFC484 /* Sources */ = {
			isa = PBXSourcesBuildPhase;
			buildActionMask = 2147483647;
			files = (
				DC0EE6A21E4CEA3A00DFC484 /* CookingAppTests.swift in Sources */,
			);
			runOnlyForDeploymentPostprocessing = 0;
		};
		DC0EE6A41E4CEA3A00DFC484 /* Sources */ = {
			isa = PBXSourcesBuildPhase;
			buildActionMask = 2147483647;
			files = (
				DC0EE6AD1E4CEA3A00DFC484 /* CookingAppUITests.swift in Sources */,
			);
			runOnlyForDeploymentPostprocessing = 0;
		};
/* End PBXSourcesBuildPhase section */

/* Begin PBXTargetDependency section */
		DC0EE69F1E4CEA3A00DFC484 /* PBXTargetDependency */ = {
			isa = PBXTargetDependency;
			target = DC0EE6851E4CEA3900DFC484 /* CookingApp */;
			targetProxy = DC0EE69E1E4CEA3A00DFC484 /* PBXContainerItemProxy */;
		};
		DC0EE6AA1E4CEA3A00DFC484 /* PBXTargetDependency */ = {
			isa = PBXTargetDependency;
			target = DC0EE6851E4CEA3900DFC484 /* CookingApp */;
			targetProxy = DC0EE6A91E4CEA3A00DFC484 /* PBXContainerItemProxy */;
		};
/* End PBXTargetDependency section */

/* Begin PBXVariantGroup section */
		DC0EE68D1E4CEA3A00DFC484 /* Main.storyboard */ = {
			isa = PBXVariantGroup;
			children = (
				DC0EE68E1E4CEA3A00DFC484 /* Base */,
			);
			name = Main.storyboard;
			sourceTree = "<group>";
		};
		DC0EE6951E4CEA3A00DFC484 /* LaunchScreen.storyboard */ = {
			isa = PBXVariantGroup;
			children = (
				DC0EE6961E4CEA3A00DFC484 /* Base */,
			);
			name = LaunchScreen.storyboard;
			sourceTree = "<group>";
		};
/* End PBXVariantGroup section */

/* Begin XCBuildConfiguration section */
		DC0EE6AF1E4CEA3A00DFC484 /* Debug */ = {
			isa = XCBuildConfiguration;
			buildSettings = {
				ALWAYS_SEARCH_USER_PATHS = NO;
				CLANG_ANALYZER_NONNULL = YES;
				CLANG_CXX_LANGUAGE_STANDARD = "gnu++0x";
				CLANG_CXX_LIBRARY = "libc++";
				CLANG_ENABLE_MODULES = YES;
				CLANG_ENABLE_OBJC_ARC = YES;
				CLANG_WARN_BOOL_CONVERSION = YES;
				CLANG_WARN_CONSTANT_CONVERSION = YES;
				CLANG_WARN_DIRECT_OBJC_ISA_USAGE = YES_ERROR;
				CLANG_WARN_DOCUMENTATION_COMMENTS = YES;
				CLANG_WARN_EMPTY_BODY = YES;
				CLANG_WARN_ENUM_CONVERSION = YES;
				CLANG_WARN_INFINITE_RECURSION = YES;
				CLANG_WARN_INT_CONVERSION = YES;
				CLANG_WARN_OBJC_ROOT_CLASS = YES_ERROR;
				CLANG_WARN_SUSPICIOUS_MOVE = YES;
				CLANG_WARN_UNREACHABLE_CODE = YES;
				CLANG_WARN__DUPLICATE_METHOD_MATCH = YES;
				"CODE_SIGN_IDENTITY[sdk=iphoneos*]" = "iPhone Developer";
				COPY_PHASE_STRIP = NO;
				DEBUG_INFORMATION_FORMAT = dwarf;
				ENABLE_STRICT_OBJC_MSGSEND = YES;
				ENABLE_TESTABILITY = YES;
				GCC_C_LANGUAGE_STANDARD = gnu99;
				GCC_DYNAMIC_NO_PIC = NO;
				GCC_NO_COMMON_BLOCKS = YES;
				GCC_OPTIMIZATION_LEVEL = 0;
				GCC_PREPROCESSOR_DEFINITIONS = (
					"DEBUG=1",
					"$(inherited)",
				);
				GCC_WARN_64_TO_32_BIT_CONVERSION = YES;
				GCC_WARN_ABOUT_RETURN_TYPE = YES_ERROR;
				GCC_WARN_UNDECLARED_SELECTOR = YES;
				GCC_WARN_UNINITIALIZED_AUTOS = YES_AGGRESSIVE;
				GCC_WARN_UNUSED_FUNCTION = YES;
				GCC_WARN_UNUSED_VARIABLE = YES;
				IPHONEOS_DEPLOYMENT_TARGET = 10.2;
				MTL_ENABLE_DEBUG_INFO = YES;
				ONLY_ACTIVE_ARCH = YES;
				SDKROOT = iphoneos;
				SWIFT_ACTIVE_COMPILATION_CONDITIONS = DEBUG;
				SWIFT_OPTIMIZATION_LEVEL = "-Onone";
				TARGETED_DEVICE_FAMILY = "1,2";
			};
			name = Debug;
		};
		DC0EE6B01E4CEA3A00DFC484 /* Release */ = {
			isa = XCBuildConfiguration;
			buildSettings = {
				ALWAYS_SEARCH_USER_PATHS = NO;
				CLANG_ANALYZER_NONNULL = YES;
				CLANG_CXX_LANGUAGE_STANDARD = "gnu++0x";
				CLANG_CXX_LIBRARY = "libc++";
				CLANG_ENABLE_MODULES = YES;
				CLANG_ENABLE_OBJC_ARC = YES;
				CLANG_WARN_BOOL_CONVERSION = YES;
				CLANG_WARN_CONSTANT_CONVERSION = YES;
				CLANG_WARN_DIRECT_OBJC_ISA_USAGE = YES_ERROR;
				CLANG_WARN_DOCUMENTATION_COMMENTS = YES;
				CLANG_WARN_EMPTY_BODY = YES;
				CLANG_WARN_ENUM_CONVERSION = YES;
				CLANG_WARN_INFINITE_RECURSION = YES;
				CLANG_WARN_INT_CONVERSION = YES;
				CLANG_WARN_OBJC_ROOT_CLASS = YES_ERROR;
				CLANG_WARN_SUSPICIOUS_MOVE = YES;
				CLANG_WARN_UNREACHABLE_CODE = YES;
				CLANG_WARN__DUPLICATE_METHOD_MATCH = YES;
				"CODE_SIGN_IDENTITY[sdk=iphoneos*]" = "iPhone Developer";
				COPY_PHASE_STRIP = NO;
				DEBUG_INFORMATION_FORMAT = "dwarf-with-dsym";
				ENABLE_NS_ASSERTIONS = NO;
				ENABLE_STRICT_OBJC_MSGSEND = YES;
				GCC_C_LANGUAGE_STANDARD = gnu99;
				GCC_NO_COMMON_BLOCKS = YES;
				GCC_WARN_64_TO_32_BIT_CONVERSION = YES;
				GCC_WARN_ABOUT_RETURN_TYPE = YES_ERROR;
				GCC_WARN_UNDECLARED_SELECTOR = YES;
				GCC_WARN_UNINITIALIZED_AUTOS = YES_AGGRESSIVE;
				GCC_WARN_UNUSED_FUNCTION = YES;
				GCC_WARN_UNUSED_VARIABLE = YES;
				IPHONEOS_DEPLOYMENT_TARGET = 10.2;
				MTL_ENABLE_DEBUG_INFO = NO;
				SDKROOT = iphoneos;
				SWIFT_OPTIMIZATION_LEVEL = "-Owholemodule";
				TARGETED_DEVICE_FAMILY = "1,2";
				VALIDATE_PRODUCT = YES;
			};
			name = Release;
		};
		DC0EE6B21E4CEA3A00DFC484 /* Debug */ = {
			isa = XCBuildConfiguration;
			baseConfigurationReference = 3959F85BD124D77DAB8EE737 /* Pods-CookingApp.debug.xcconfig */;
			buildSettings = {
				ASSETCATALOG_COMPILER_APPICON_NAME = AppIcon;
				CLANG_ENABLE_MODULES = YES;
				FRAMEWORK_SEARCH_PATHS = (
					"$(inherited)",
					"$(PROJECT_DIR)/build/Debug-iphoneos/ActionSheetPicker-3.0",
				);
				INFOPLIST_FILE = CookingApp/Info.plist;
				LD_RUNPATH_SEARCH_PATHS = "$(inherited) @executable_path/Frameworks";
				PRODUCT_BUNDLE_IDENTIFIER = at.mc.fhooe.swift.CookingApp;
				PRODUCT_NAME = "$(TARGET_NAME)";
				SWIFT_OBJC_BRIDGING_HEADER = CookingApp/Header.h;
				SWIFT_OPTIMIZATION_LEVEL = "-Onone";
				SWIFT_VERSION = 3.0;
			};
			name = Debug;
		};
		DC0EE6B31E4CEA3A00DFC484 /* Release */ = {
			isa = XCBuildConfiguration;
			baseConfigurationReference = 0AB1D42C54D2336E3665C971 /* Pods-CookingApp.release.xcconfig */;
			buildSettings = {
				ASSETCATALOG_COMPILER_APPICON_NAME = AppIcon;
				CLANG_ENABLE_MODULES = YES;
				FRAMEWORK_SEARCH_PATHS = (
					"$(inherited)",
					"$(PROJECT_DIR)/build/Debug-iphoneos/ActionSheetPicker-3.0",
				);
				INFOPLIST_FILE = CookingApp/Info.plist;
				LD_RUNPATH_SEARCH_PATHS = "$(inherited) @executable_path/Frameworks";
				PRODUCT_BUNDLE_IDENTIFIER = at.mc.fhooe.swift.CookingApp;
				PRODUCT_NAME = "$(TARGET_NAME)";
				SWIFT_OBJC_BRIDGING_HEADER = CookingApp/Header.h;
				SWIFT_VERSION = 3.0;
			};
			name = Release;
		};
		DC0EE6B51E4CEA3A00DFC484 /* Debug */ = {
			isa = XCBuildConfiguration;
			buildSettings = {
				ALWAYS_EMBED_SWIFT_STANDARD_LIBRARIES = YES;
				BUNDLE_LOADER = "$(TEST_HOST)";
				INFOPLIST_FILE = CookingAppTests/Info.plist;
				LD_RUNPATH_SEARCH_PATHS = "$(inherited) @executable_path/Frameworks @loader_path/Frameworks";
				PRODUCT_BUNDLE_IDENTIFIER = at.mc.fhooe.swift.CookingAppTests;
				PRODUCT_NAME = "$(TARGET_NAME)";
				SWIFT_VERSION = 3.0;
				TEST_HOST = "$(BUILT_PRODUCTS_DIR)/CookingApp.app/CookingApp";
			};
			name = Debug;
		};
		DC0EE6B61E4CEA3A00DFC484 /* Release */ = {
			isa = XCBuildConfiguration;
			buildSettings = {
				ALWAYS_EMBED_SWIFT_STANDARD_LIBRARIES = YES;
				BUNDLE_LOADER = "$(TEST_HOST)";
				INFOPLIST_FILE = CookingAppTests/Info.plist;
				LD_RUNPATH_SEARCH_PATHS = "$(inherited) @executable_path/Frameworks @loader_path/Frameworks";
				PRODUCT_BUNDLE_IDENTIFIER = at.mc.fhooe.swift.CookingAppTests;
				PRODUCT_NAME = "$(TARGET_NAME)";
				SWIFT_VERSION = 3.0;
				TEST_HOST = "$(BUILT_PRODUCTS_DIR)/CookingApp.app/CookingApp";
			};
			name = Release;
		};
		DC0EE6B81E4CEA3A00DFC484 /* Debug */ = {
			isa = XCBuildConfiguration;
			buildSettings = {
				ALWAYS_EMBED_SWIFT_STANDARD_LIBRARIES = YES;
				INFOPLIST_FILE = CookingAppUITests/Info.plist;
				LD_RUNPATH_SEARCH_PATHS = "$(inherited) @executable_path/Frameworks @loader_path/Frameworks";
				PRODUCT_BUNDLE_IDENTIFIER = at.mc.fhooe.swift.CookingAppUITests;
				PRODUCT_NAME = "$(TARGET_NAME)";
				SWIFT_VERSION = 3.0;
				TEST_TARGET_NAME = CookingApp;
			};
			name = Debug;
		};
		DC0EE6B91E4CEA3A00DFC484 /* Release */ = {
			isa = XCBuildConfiguration;
			buildSettings = {
				ALWAYS_EMBED_SWIFT_STANDARD_LIBRARIES = YES;
				INFOPLIST_FILE = CookingAppUITests/Info.plist;
				LD_RUNPATH_SEARCH_PATHS = "$(inherited) @executable_path/Frameworks @loader_path/Frameworks";
				PRODUCT_BUNDLE_IDENTIFIER = at.mc.fhooe.swift.CookingAppUITests;
				PRODUCT_NAME = "$(TARGET_NAME)";
				SWIFT_VERSION = 3.0;
				TEST_TARGET_NAME = CookingApp;
			};
			name = Release;
		};
/* End XCBuildConfiguration section */

/* Begin XCConfigurationList section */
		DC0EE6811E4CEA3900DFC484 /* Build configuration list for PBXProject "CookingApp" */ = {
			isa = XCConfigurationList;
			buildConfigurations = (
				DC0EE6AF1E4CEA3A00DFC484 /* Debug */,
				DC0EE6B01E4CEA3A00DFC484 /* Release */,
			);
			defaultConfigurationIsVisible = 0;
			defaultConfigurationName = Release;
		};
		DC0EE6B11E4CEA3A00DFC484 /* Build configuration list for PBXNativeTarget "CookingApp" */ = {
			isa = XCConfigurationList;
			buildConfigurations = (
				DC0EE6B21E4CEA3A00DFC484 /* Debug */,
				DC0EE6B31E4CEA3A00DFC484 /* Release */,
			);
			defaultConfigurationIsVisible = 0;
			defaultConfigurationName = Release;
		};
		DC0EE6B41E4CEA3A00DFC484 /* Build configuration list for PBXNativeTarget "CookingAppTests" */ = {
			isa = XCConfigurationList;
			buildConfigurations = (
				DC0EE6B51E4CEA3A00DFC484 /* Debug */,
				DC0EE6B61E4CEA3A00DFC484 /* Release */,
			);
			defaultConfigurationIsVisible = 0;
			defaultConfigurationName = Release;
		};
		DC0EE6B71E4CEA3A00DFC484 /* Build configuration list for PBXNativeTarget "CookingAppUITests" */ = {
			isa = XCConfigurationList;
			buildConfigurations = (
				DC0EE6B81E4CEA3A00DFC484 /* Debug */,
				DC0EE6B91E4CEA3A00DFC484 /* Release */,
			);
			defaultConfigurationIsVisible = 0;
			defaultConfigurationName = Release;
		};
/* End XCConfigurationList section */

/* Begin XCVersionGroup section */
		DC0EE6901E4CEA3A00DFC484 /* CookingApp.xcdatamodeld */ = {
			isa = XCVersionGroup;
			children = (
				DC0EE6911E4CEA3A00DFC484 /* CookingApp.xcdatamodel */,
			);
			currentVersion = DC0EE6911E4CEA3A00DFC484 /* CookingApp.xcdatamodel */;
			path = CookingApp.xcdatamodeld;
			sourceTree = "<group>";
			versionGroupType = wrapper.xcdatamodel;
		};
/* End XCVersionGroup section */
	};
	rootObject = DC0EE67E1E4CEA3900DFC484 /* Project object */;
}
